Microsoft Visual Studio Solution File, Format Version 12.00
# Visual Studio Version 17
VisualStudioVersion = 17.5.2.0
MinimumVisualStudioVersion = 10.0.40219.1
Project("{FAE04EC0-301F-11D3-BF4B-00C04F79EFBC}") = "MIPROYECTO_JSR", "MIPROYECTO_JSR.csproj", "{AE2C9566-26BE-C96A-54BA-D6FE3737D0A3}"
EndProject
Global
	GlobalSection(SolutionConfigurationPlatforms) = preSolution
		Debug|Any CPU = Debug|Any CPU
		Release|Any CPU = Release|Any CPU
	EndGlobalSection
	GlobalSection(ProjectConfigurationPlatforms) = postSolution
		{AE2C9566-26BE-C96A-54BA-D6FE3737D0A3}.Debug|Any CPU.ActiveCfg = Debug|Any CPU
		{AE2C9566-26BE-C96A-54BA-D6FE3737D0A3}.Debug|Any CPU.Build.0 = Debug|Any CPU
		{AE2C9566-26BE-C96A-54BA-D6FE3737D0A3}.Release|Any CPU.ActiveCfg = Release|Any CPU
		{AE2C9566-26BE-C96A-54BA-D6FE3737D0A3}.Release|Any CPU.Build.0 = Release|Any CPU
	EndGlobalSection
	GlobalSection(SolutionProperties) = preSolution
		HideSolutionNode = FALSE
	EndGlobalSection
	GlobalSection(ExtensibilityGlobals) = postSolution
		SolutionGuid = {144382AE-5BF8-4898-8205-BE9497D741CB}
	EndGlobalSection
EndGlobal
